
Microsoft Visual Studio Solution File, Format Version 12.00
# Visual Studio Version 17
VisualStudioVersion = 17.7.34031.279
MinimumVisualStudioVersion = 10.0.40219.1
Project("{FAE04EC0-301F-11D3-BF4B-00C04F79EFBC}") = "irodhan", "irodhan.csproj", "{DA142820-EE6B-4F16-914D-264A2C217ED6}"
EndProject
Global
	GlobalSection(SolutionConfigurationPlatforms) = preSolution
		Debug|Any CPU = Debug|Any CPU
		Release|Any CPU = Release|Any CPU
	EndGlobalSection
	GlobalSection(ProjectConfigurationPlatforms) = postSolution
		{DA142820-EE6B-4F16-914D-264A2C217ED6}.Debug|Any CPU.ActiveCfg = Debug|Any CPU
		{DA142820-EE6B-4F16-914D-264A2C217ED6}.Debug|Any CPU.Build.0 = Debug|Any CPU
		{DA142820-EE6B-4F16-914D-264A2C217ED6}.Release|Any CPU.ActiveCfg = Release|Any CPU
		{DA142820-EE6B-4F16-914D-264A2C217ED6}.Release|Any CPU.Build.0 = Release|Any CPU
	EndGlobalSection
	GlobalSection(SolutionProperties) = preSolution
		HideSolutionNode = FALSE
	EndGlobalSection
	GlobalSection(ExtensibilityGlobals) = postSolution
		SolutionGuid = {5440E22F-4F30-4895-AEC7-8787C86ABF1F}
	EndGlobalSection
EndGlobal
